
Microsoft Visual Studio Solution File, Format Version 12.00
# Visual Studio Version 17
VisualStudioVersion = 17.4.33213.308
MinimumVisualStudioVersion = 10.0.40219.1
Project("{FAE04EC0-301F-11D3-BF4B-00C04F79EFBC}") = "ScriptureMastery", "ScriptureMastery.csproj", "{DA4A272C-B80A-4FD5-819F-EE167B42E89C}"
EndProject
Global
	GlobalSection(SolutionConfigurationPlatforms) = preSolution
		Debug|Any CPU = Debug|Any CPU
		Release|Any CPU = Release|Any CPU
	EndGlobalSection
	GlobalSection(ProjectConfigurationPlatforms) = postSolution
		{DA4A272C-B80A-4FD5-819F-EE167B42E89C}.Debug|Any CPU.ActiveCfg = Debug|Any CPU
		{DA4A272C-B80A-4FD5-819F-EE167B42E89C}.Debug|Any CPU.Build.0 = Debug|Any CPU
		{DA4A272C-B80A-4FD5-819F-EE167B42E89C}.Release|Any CPU.ActiveCfg = Release|Any CPU
		{DA4A272C-B80A-4FD5-819F-EE167B42E89C}.Release|Any CPU.Build.0 = Release|Any CPU
	EndGlobalSection
	GlobalSection(SolutionProperties) = preSolution
		HideSolutionNode = FALSE
	EndGlobalSection
	GlobalSection(ExtensibilityGlobals) = postSolution
		SolutionGuid = {A9C2E9B2-423B-4013-B8B2-251C289A7B8A}
	EndGlobalSection
EndGlobal
